
Microsoft Visual Studio Solution File, Format Version 12.00
# Visual Studio Version 16
VisualStudioVersion = 16.0.29709.97
MinimumVisualStudioVersion = 10.0.40219.1
Project("{FAE04EC0-301F-11D3-BF4B-00C04F79EFBC}") = "AMS.API", "AMS.API.csproj", "{15ED9BA0-3979-43E8-94E9-20FB12E0E13A}"
EndProject
Project("{FAE04EC0-301F-11D3-BF4B-00C04F79EFBC}") = "AMS.Data", "..\AMS.Data\AMS.Data.csproj", "{5DEFAB89-F2C1-4631-9D4C-5003680059E8}"
EndProject
Global
	GlobalSection(SolutionConfigurationPlatforms) = preSolution
		Debug|Any CPU = Debug|Any CPU
		Release|Any CPU = Release|Any CPU
	EndGlobalSection
	GlobalSection(ProjectConfigurationPlatforms) = postSolution
		{15ED9BA0-3979-43E8-94E9-20FB12E0E13A}.Debug|Any CPU.ActiveCfg = Debug|Any CPU
		{15ED9BA0-3979-43E8-94E9-20FB12E0E13A}.Debug|Any CPU.Build.0 = Debug|Any CPU
		{15ED9BA0-3979-43E8-94E9-20FB12E0E13A}.Release|Any CPU.ActiveCfg = Release|Any CPU
		{15ED9BA0-3979-43E8-94E9-20FB12E0E13A}.Release|Any CPU.Build.0 = Release|Any CPU
		{5DEFAB89-F2C1-4631-9D4C-5003680059E8}.Debug|Any CPU.ActiveCfg = Debug|Any CPU
		{5DEFAB89-F2C1-4631-9D4C-5003680059E8}.Debug|Any CPU.Build.0 = Debug|Any CPU
		{5DEFAB89-F2C1-4631-9D4C-5003680059E8}.Release|Any CPU.ActiveCfg = Release|Any CPU
		{5DEFAB89-F2C1-4631-9D4C-5003680059E8}.Release|Any CPU.Build.0 = Release|Any CPU
	EndGlobalSection
	GlobalSection(SolutionProperties) = preSolution
		HideSolutionNode = FALSE
	EndGlobalSection
	GlobalSection(ExtensibilityGlobals) = postSolution
		SolutionGuid = {E63E34A2-0D1E-4882-82B1-5BAAA45A2D07}
	EndGlobalSection
EndGlobal
